// !$*UTF8*$!
{
	archiveVersion = 1;
	classes = {
	};
	objectVersion = 46;
	objects = {

/* Begin PBXBuildFile section */
		8D499DAE1A1EFE9600230AE6 /* main.swift in Sources */ = {isa = PBXBuildFile; fileRef = 8D499DAD1A1EFE9600230AE6 /* main.swift */; };
		8D9A08591A1F9AC100F659AB /* UIImageEffects.m in Sources */ = {isa = PBXBuildFile; fileRef = 8D9A08581A1F9AC100F659AB /* UIImageEffects.m */; };
/* End PBXBuildFile section */

/* Begin PBXCopyFilesBuildPhase section */
		8D499DA81A1EFE9600230AE6 /* CopyFiles */ = {
			isa = PBXCopyFilesBuildPhase;
			buildActionMask = 2147483647;
			dstPath = /usr/share/man/man1/;
			dstSubfolderSpec = 0;
			files = (
			);
			runOnlyForDeploymentPostprocessing = 1;
		};
/* End PBXCopyFilesBuildPhase section */

/* Begin PBXFileReference section */
		8D499DAA1A1EFE9600230AE6 /* cliptest */ = {isa = PBXFileReference; explicitFileType = "compiled.mach-o.executable"; includeInIndex = 0; path = cliptest; sourceTree = BUILT_PRODUCTS_DIR; };
		8D499DAD1A1EFE9600230AE6 /* main.swift */ = {isa = PBXFileReference; lastKnownFileType = sourcecode.swift; path = main.swift; sourceTree = "<group>"; };
		8D9A08561A1F9AC000F659AB /* cliptest-Bridging-Header.h */ = {isa = PBXFileReference; lastKnownFileType = sourcecode.c.h; path = "cliptest-Bridging-Header.h"; sourceTree = "<group>"; };
		8D9A08571A1F9AC100F659AB /* UIImageEffects.h */ = {isa = PBXFileReference; fileEncoding = 4; lastKnownFileType = sourcecode.c.h; path = UIImageEffects.h; sourceTree = "<group>"; };
		8D9A08581A1F9AC100F659AB /* UIImageEffects.m */ = {isa = PBXFileReference; fileEncoding = 4; lastKnownFileType = sourcecode.c.objc; path = UIImageEffects.m; sourceTree = "<group>"; };
		8D9A085A1A1FF02E00F659AB /* MyPlayground.playground */ = {isa = PBXFileReference; lastKnownFileType = file.playground; name = MyPlayground.playground; path = ../MyPlayground.playground; sourceTree = "<group>"; };
/* End PBXFileReference section */

/* Begin PBXFrameworksBuildPhase section */
		8D499DA71A1EFE9600230AE6 /* Frameworks */ = {
			isa = PBXFrameworksBuildPhase;
			buildActionMask = 2147483647;
			files = (
			);
			runOnlyForDeploymentPostprocessing = 0;
		};
/* End PBXFrameworksBuildPhase section */

/* Begin PBXGroup section */
		8D499DA11A1EFE9600230AE6 = {
			isa = PBXGroup;
			children = (
				8D499DAC1A1EFE9600230AE6 /* cliptest */,
				8D499DAB1A1EFE9600230AE6 /* Products */,
			);
			sourceTree = "<group>";
		};
		8D499DAB1A1EFE9600230AE6 /* Products */ = {
			isa = PBXGroup;
			children = (
				8D499DAA1A1EFE9600230AE6 /* cliptest */,
			);
			name = Products;
			sourceTree = "<group>";
		};
		8D499DAC1A1EFE9600230AE6 /* cliptest */ = {
			isa = PBXGroup;
			children = (
				8D9A085A1A1FF02E00F659AB /* MyPlayground.playground */,
				8D499DAD1A1EFE9600230AE6 /* main.swift */,
				8D9A08571A1F9AC100F659AB /* UIImageEffects.h */,
				8D9A08581A1F9AC100F659AB /* UIImageEffects.m */,
				8D9A08561A1F9AC000F659AB /* cliptest-Bridging-Header.h */,
			);
			path = cliptest;
			sourceTree = "<group>";
		};
/* End PBXGroup section */

/* Begin PBXNativeTarget section */
		8D499DA91A1EFE9600230AE6 /* cliptest */ = {
			isa = PBXNativeTarget;
			buildConfigurationList = 8D499DB11A1EFE9600230AE6 /* Build configuration list for PBXNativeTarget "cliptest" */;
			buildPhases = (
				8D499DA61A1EFE9600230AE6 /* Sources */,
				8D499DA71A1EFE9600230AE6 /* Frameworks */,
				8D499DA81A1EFE9600230AE6 /* CopyFiles */,
			);
			buildRules = (
			);
			dependencies = (
			);
			name = cliptest;
			productName = cliptest;
			productReference = 8D499DAA1A1EFE9600230AE6 /* cliptest */;
			productType = "com.apple.product-type.tool";
		};
/* End PBXNativeTarget section */

/* Begin PBXProject section */
		8D499DA21A1EFE9600230AE6 /* Project object */ = {
			isa = PBXProject;
			attributes = {
				LastUpgradeCheck = 0610;
				ORGANIZATIONNAME = "Marcos Ojeda";
				TargetAttributes = {
					8D499DA91A1EFE9600230AE6 = {
						CreatedOnToolsVersion = 6.1;
					};
				};
			};
			buildConfigurationList = 8D499DA51A1EFE9600230AE6 /* Build configuration list for PBXProject "cliptest" */;
			compatibilityVersion = "Xcode 3.2";
			developmentRegion = English;
			hasScannedForEncodings = 0;
			knownRegions = (
				en,
			);
			mainGroup = 8D499DA11A1EFE9600230AE6;
			productRefGroup = 8D499DAB1A1EFE9600230AE6 /* Products */;
			projectDirPath = "";
			projectRoot = "";
			targets = (
				8D499DA91A1EFE9600230AE6 /* cliptest */,
			);
		};
/* End PBXProject section */

/* Begin PBXSourcesBuildPhase section */
		8D499DA61A1EFE9600230AE6 /* Sources */ = {
			isa = PBXSourcesBuildPhase;
			buildActionMask = 2147483647;
			files = (
				8D9A08591A1F9AC100F659AB /* UIImageEffects.m in Sources */,
				8D499DAE1A1EFE9600230AE6 /* main.swift in Sources */,
			);
			runOnlyForDeploymentPostprocessing = 0;
		};
/* End PBXSourcesBuildPhase section */

/* Begin XCBuildConfiguration section */
		8D499DAF1A1EFE9600230AE6 /* Debug */ = {
			isa = XCBuildConfiguration;
			buildSettings = {
				ALWAYS_SEARCH_USER_PATHS = NO;
				CLANG_CXX_LANGUAGE_STANDARD = "gnu++0x";
				CLANG_CXX_LIBRARY = "libc++";
				CLANG_ENABLE_MODULES = YES;
				CLANG_ENABLE_OBJC_ARC = YES;
				CLANG_WARN_BOOL_CONVERSION = YES;
				CLANG_WARN_CONSTANT_CONVERSION = YES;
				CLANG_WARN_DIRECT_OBJC_ISA_USAGE = YES_ERROR;
				CLANG_WARN_EMPTY_BODY = YES;
				CLANG_WARN_ENUM_CONVERSION = YES;
				CLANG_WARN_INT_CONVERSION = YES;
				CLANG_WARN_OBJC_ROOT_CLASS = YES_ERROR;
				CLANG_WARN_UNREACHABLE_CODE = YES;
				CLANG_WARN__DUPLICATE_METHOD_MATCH = YES;
				COPY_PHASE_STRIP = NO;
				ENABLE_STRICT_OBJC_MSGSEND = YES;
				GCC_C_LANGUAGE_STANDARD = gnu99;
				GCC_DYNAMIC_NO_PIC = NO;
				GCC_OPTIMIZATION_LEVEL = 0;
				GCC_PREPROCESSOR_DEFINITIONS = (
					"DEBUG=1",
					"$(inherited)",
				);
				GCC_SYMBOLS_PRIVATE_EXTERN = NO;
				GCC_WARN_64_TO_32_BIT_CONVERSION = YES;
				GCC_WARN_ABOUT_RETURN_TYPE = YES_ERROR;
				GCC_WARN_UNDECLARED_SELECTOR = YES;
				GCC_WARN_UNINITIALIZED_AUTOS = YES_AGGRESSIVE;
				GCC_WARN_UNUSED_FUNCTION = YES;
				GCC_WARN_UNUSED_VARIABLE = YES;
				MACOSX_DEPLOYMENT_TARGET = 10.10;
				MTL_ENABLE_DEBUG_INFO = YES;
				ONLY_ACTIVE_ARCH = YES;
				SDKROOT = macosx;
				SWIFT_OPTIMIZATION_LEVEL = "-Onone";
			};
			name = Debug;
		};
		8D499DB01A1EFE9600230AE6 /* Release */ = {
			isa = XCBuildConfiguration;
			buildSettings = {
				ALWAYS_SEARCH_USER_PATHS = NO;
				CLANG_CXX_LANGUAGE_STANDARD = "gnu++0x";
				CLANG_CXX_LIBRARY = "libc++";
				CLANG_ENABLE_MODULES = YES;
				CLANG_ENABLE_OBJC_ARC = YES;
				CLANG_WARN_BOOL_CONVERSION = YES;
				CLANG_WARN_CONSTANT_CONVERSION = YES;
				CLANG_WARN_DIRECT_OBJC_ISA_USAGE = YES_ERROR;
				CLANG_WARN_EMPTY_BODY = YES;
				CLANG_WARN_ENUM_CONVERSION = YES;
				CLANG_WARN_INT_CONVERSION = YES;
				CLANG_WARN_OBJC_ROOT_CLASS = YES_ERROR;
				CLANG_WARN_UNREACHABLE_CODE = YES;
				CLANG_WARN__DUPLICATE_METHOD_MATCH = YES;
				COPY_PHASE_STRIP = YES;
				DEBUG_INFORMATION_FORMAT = "dwarf-with-dsym";
				ENABLE_NS_ASSERTIONS = NO;
				ENABLE_STRICT_OBJC_MSGSEND = YES;
				GCC_C_LANGUAGE_STANDARD = gnu99;
				GCC_WARN_64_TO_32_BIT_CONVERSION = YES;
				GCC_WARN_ABOUT_RETURN_TYPE = YES_ERROR;
				GCC_WARN_UNDECLARED_SELECTOR = YES;
				GCC_WARN_UNINITIALIZED_AUTOS = YES_AGGRESSIVE;
				GCC_WARN_UNUSED_FUNCTION = YES;
				GCC_WARN_UNUSED_VARIABLE = YES;
				MACOSX_DEPLOYMENT_TARGET = 10.10;
				MTL_ENABLE_DEBUG_INFO = NO;
				SDKROOT = macosx;
			};
			name = Release;
		};
		8D499DB21A1EFE9600230AE6 /* Debug */ = {
			isa = XCBuildConfiguration;
			buildSettings = {
				CLANG_ENABLE_MODULES = YES;
				LD_RUNPATH_SEARCH_PATHS = "$(inherited) @executable_path/../Frameworks @loader_path/../Frameworks";
				PRODUCT_NAME = "$(TARGET_NAME)";
				SWIFT_OBJC_BRIDGING_HEADER = "cliptest/cliptest-Bridging-Header.h";
				SWIFT_OPTIMIZATION_LEVEL = "-Onone";
			};
			name = Debug;
		};
		8D499DB31A1EFE9600230AE6 /* Release */ = {
			isa = XCBuildConfiguration;
			buildSettings = {
				CLANG_ENABLE_MODULES = YES;
				LD_RUNPATH_SEARCH_PATHS = "$(inherited) @executable_path/../Frameworks @loader_path/../Frameworks";
				PRODUCT_NAME = "$(TARGET_NAME)";
				SWIFT_OBJC_BRIDGING_HEADER = "cliptest/cliptest-Bridging-Header.h";
			};
			name = Release;
		};
/* End XCBuildConfiguration section */

/* Begin XCConfigurationList section */
		8D499DA51A1EFE9600230AE6 /* Build configuration list for PBXProject "cliptest" */ = {
			isa = XCConfigurationList;
			buildConfigurations = (
				8D499DAF1A1EFE9600230AE6 /* Debug */,
				8D499DB01A1EFE9600230AE6 /* Release */,
			);
			defaultConfigurationIsVisible = 0;
			defaultConfigurationName = Release;
		};
		8D499DB11A1EFE9600230AE6 /* Build configuration list for PBXNativeTarget "cliptest" */ = {
			isa = XCConfigurationList;
			buildConfigurations = (
				8D499DB21A1EFE9600230AE6 /* Debug */,
				8D499DB31A1EFE9600230AE6 /* Release */,
			);
			defaultConfigurationIsVisible = 0;
			defaultConfigurationName = Release;
		};
/* End XCConfigurationList section */
	};
	rootObject = 8D499DA21A1EFE9600230AE6 /* Project object */;
}
